PODS:
  - Alamofire (5.9.1)
  - IQKeyboardManagerSwift (7.0.0)
  - MarqueeLabel (4.5.0)
  - SDWebImage (5.19.4):
    - SDWebImage/Core (= 5.19.4)
  - SDWebImage/Core (5.19.4)

DEPENDENCIES:
  - Alamofire
  - IQKeyboardManagerSwift (= 7.0.0)
  - MarqueeLabel
  - SDWebImage

SPEC REPOS:
  trunk:
    - Alamofire
    - IQKeyboardManagerSwift
    - MarqueeLabel
    - SDWebImage

SPEC CHECKSUMS:
  Alamofire: f36a35757af4587d8e4f4bfa223ad10be2422b8c
  IQKeyboardManagerSwift: bd69f3a49f6ead9cb6ce17723cf0c6c9b948d83e
  MarqueeLabel: 4b46d196abd253448e830cbd976f9eacc3af0849
  SDWebImage: 066c47b573f408f18caa467d71deace7c0f8280d

PODFILE CHECKSUM: f6aaff24b075ead8576460be9707e6caabcba757

COCOAPODS: 1.15.2
